// !$*UTF8*$!
{
	archiveVersion = 1;
	classes = {
	};
	objectVersion = 50;
	objects = {

/* Begin PBXBuildFile section */
		A998A70523EECD24004CBBE7 /* AppDelegate.swift in Sources */ = {isa = PBXBuildFile; fileRef = A998A70423EECD24004CBBE7 /* AppDelegate.swift */; };
		A998A70723EECD24004CBBE7 /* SceneDelegate.swift in Sources */ = {isa = PBXBuildFile; fileRef = A998A70623EECD24004CBBE7 /* SceneDelegate.swift */; };
		A998A70923EECD24004CBBE7 /* ViewController.swift in Sources */ = {isa = PBXBuildFile; fileRef = A998A70823EECD24004CBBE7 /* ViewController.swift */; };
		A998A70C23EECD24004CBBE7 /* Main.storyboard in Resources */ = {isa = PBXBuildFile; fileRef = A998A70A23EECD24004CBBE7 /* Main.storyboard */; };
		A998A70E23EECD25004CBBE7 /* Assets.xcassets in Resources */ = {isa = PBXBuildFile; fileRef = A998A70D23EECD25004CBBE7 /* Assets.xcassets */; };
		A998A71123EECD25004CBBE7 /* LaunchScreen.storyboard in Resources */ = {isa = PBXBuildFile; fileRef = A998A70F23EECD25004CBBE7 /* LaunchScreen.storyboard */; };
		A998A71C23EECD25004CBBE7 /* Lab1Tests.swift in Sources */ = {isa = PBXBuildFile; fileRef = A998A71B23EECD25004CBBE7 /* Lab1Tests.swift */; };
		A998A72723EECD25004CBBE7 /* Lab1UITests.swift in Sources */ = {isa = PBXBuildFile; fileRef = A998A72623EECD25004CBBE7 /* Lab1UITests.swift */; };
/* End PBXBuildFile section */

/* Begin PBXContainerItemProxy section */
		A998A71823EECD25004CBBE7 /* PBXContainerItemProxy */ = {
			isa = PBXContainerItemProxy;
			containerPortal = A998A6F923EECD24004CBBE7 /* Project object */;
			proxyType = 1;
			remoteGlobalIDString = A998A70023EECD24004CBBE7;
			remoteInfo = Lab1;
		};
		A998A72323EECD25004CBBE7 /* PBXContainerItemProxy */ = {
			isa = PBXContainerItemProxy;
			containerPortal = A998A6F923EECD24004CBBE7 /* Project object */;
			proxyType = 1;
			remoteGlobalIDString = A998A70023EECD24004CBBE7;
			remoteInfo = Lab1;
		};
/* End PBXContainerItemProxy section */

/* Begin PBXFileReference section */
		A998A70123EECD24004CBBE7 /* Lab1.app */ = {isa = PBXFileReference; explicitFileType = wrapper.application; includeInIndex = 0; path = Lab1.app; sourceTree = BUILT_PRODUCTS_DIR; };
		A998A70423EECD24004CBBE7 /* AppDelegate.swift */ = {isa = PBXFileReference; lastKnownFileType = sourcecode.swift; path = AppDelegate.swift; sourceTree = "<group>"; };
		A998A70623EECD24004CBBE7 /* SceneDelegate.swift */ = {isa = PBXFileReference; lastKnownFileType = sourcecode.swift; path = SceneDelegate.swift; sourceTree = "<group>"; };
		A998A70823EECD24004CBBE7 /* ViewController.swift */ = {isa = PBXFileReference; lastKnownFileType = sourcecode.swift; path = ViewController.swift; sourceTree = "<group>"; };
		A998A70B23EECD24004CBBE7 /* Base */ = {isa = PBXFileReference; lastKnownFileType = file.storyboard; name = Base; path = Base.lproj/Main.storyboard; sourceTree = "<group>"; };
		A998A70D23EECD25004CBBE7 /* Assets.xcassets */ = {isa = PBXFileReference; lastKnownFileType = folder.assetcatalog; path = Assets.xcassets; sourceTree = "<group>"; };
		A998A71023EECD25004CBBE7 /* Base */ = {isa = PBXFileReference; lastKnownFileType = file.storyboard; name = Base; path = Base.lproj/LaunchScreen.storyboard; sourceTree = "<group>"; };
		A998A71223EECD25004CBBE7 /* Info.plist */ = {isa = PBXFileReference; lastKnownFileType = text.plist.xml; path = Info.plist; sourceTree = "<group>"; };
		A998A71723EECD25004CBBE7 /* Lab1Tests.xctest */ = {isa = PBXFileReference; explicitFileType = wrapper.cfbundle; includeInIndex = 0; path = Lab1Tests.xctest; sourceTree = BUILT_PRODUCTS_DIR; };
		A998A71B23EECD25004CBBE7 /* Lab1Tests.swift */ = {isa = PBXFileReference; lastKnownFileType = sourcecode.swift; path = Lab1Tests.swift; sourceTree = "<group>"; };
		A998A71D23EECD25004CBBE7 /* Info.plist */ = {isa = PBXFileReference; lastKnownFileType = text.plist.xml; path = Info.plist; sourceTree = "<group>"; };
		A998A72223EECD25004CBBE7 /* Lab1UITests.xctest */ = {isa = PBXFileReference; explicitFileType = wrapper.cfbundle; includeInIndex = 0; path = Lab1UITests.xctest; sourceTree = BUILT_PRODUCTS_DIR; };
		A998A72623EECD25004CBBE7 /* Lab1UITests.swift */ = {isa = PBXFileReference; lastKnownFileType = sourcecode.swift; path = Lab1UITests.swift; sourceTree = "<group>"; };
		A998A72823EECD25004CBBE7 /* Info.plist */ = {isa = PBXFileReference; lastKnownFileType = text.plist.xml; path = Info.plist; sourceTree = "<group>"; };
/* End PBXFileReference section */

/* Begin PBXFrameworksBuildPhase section */
		A998A6FE23EECD24004CBBE7 /* Frameworks */ = {
			isa = PBXFrameworksBuildPhase;
			buildActionMask = 2147483647;
			files = (
			);
			runOnlyForDeploymentPostprocessing = 0;
		};
		A998A71423EECD25004CBBE7 /* Frameworks */ = {
			isa = PBXFrameworksBuildPhase;
			buildActionMask = 2147483647;
			files = (
			);
			runOnlyForDeploymentPostprocessing = 0;
		};
		A998A71F23EECD25004CBBE7 /* Frameworks */ = {
			isa = PBXFrameworksBuildPhase;
			buildActionMask = 2147483647;
			files = (
			);
			runOnlyForDeploymentPostprocessing = 0;
		};
/* End PBXFrameworksBuildPhase section */

/* Begin PBXGroup section */
		A998A6F823EECD24004CBBE7 = {
			isa = PBXGroup;
			children = (
				A998A70323EECD24004CBBE7 /* Lab1 */,
				A998A71A23EECD25004CBBE7 /* Lab1Tests */,
				A998A72523EECD25004CBBE7 /* Lab1UITests */,
				A998A70223EECD24004CBBE7 /* Products */,
			);
			sourceTree = "<group>";
		};
		A998A70223EECD24004CBBE7 /* Products */ = {
			isa = PBXGroup;
			children = (
				A998A70123EECD24004CBBE7 /* Lab1.app */,
				A998A71723EECD25004CBBE7 /* Lab1Tests.xctest */,
				A998A72223EECD25004CBBE7 /* Lab1UITests.xctest */,
			);
			name = Products;
			sourceTree = "<group>";
		};
		A998A70323EECD24004CBBE7 /* Lab1 */ = {
			isa = PBXGroup;
			children = (
				A998A70423EECD24004CBBE7 /* AppDelegate.swift */,
				A998A70623EECD24004CBBE7 /* SceneDelegate.swift */,
				A998A70823EECD24004CBBE7 /* ViewController.swift */,
				A998A70A23EECD24004CBBE7 /* Main.storyboard */,
				A998A70D23EECD25004CBBE7 /* Assets.xcassets */,
				A998A70F23EECD25004CBBE7 /* LaunchScreen.storyboard */,
				A998A71223EECD25004CBBE7 /* Info.plist */,
			);
			path = Lab1;
			sourceTree = "<group>";
		};
		A998A71A23EECD25004CBBE7 /* Lab1Tests */ = {
			isa = PBXGroup;
			children = (
				A998A71B23EECD25004CBBE7 /* Lab1Tests.swift */,
				A998A71D23EECD25004CBBE7 /* Info.plist */,
			);
			path = Lab1Tests;
			sourceTree = "<group>";
		};
		A998A72523EECD25004CBBE7 /* Lab1UITests */ = {
			isa = PBXGroup;
			children = (
				A998A72623EECD25004CBBE7 /* Lab1UITests.swift */,
				A998A72823EECD25004CBBE7 /* Info.plist */,
			);
			path = Lab1UITests;
			sourceTree = "<group>";
		};
/* End PBXGroup section */

/* Begin PBXNativeTarget section */
		A998A70023EECD24004CBBE7 /* Lab1 */ = {
			isa = PBXNativeTarget;
			buildConfigurationList = A998A72B23EECD25004CBBE7 /* Build configuration list for PBXNativeTarget "Lab1" */;
			buildPhases = (
				A998A6FD23EECD24004CBBE7 /* Sources */,
				A998A6FE23EECD24004CBBE7 /* Frameworks */,
				A998A6FF23EECD24004CBBE7 /* Resources */,
			);
			buildRules = (
			);
			dependencies = (
			);
			name = Lab1;
			productName = Lab1;
			productReference = A998A70123EECD24004CBBE7 /* Lab1.app */;
			productType = "com.apple.product-type.application";
		};
		A998A71623EECD25004CBBE7 /* Lab1Tests */ = {
			isa = PBXNativeTarget;
			buildConfigurationList = A998A72E23EECD25004CBBE7 /* Build configuration list for PBXNativeTarget "Lab1Tests" */;
			buildPhases = (
				A998A71323EECD25004CBBE7 /* Sources */,
				A998A71423EECD25004CBBE7 /* Frameworks */,
				A998A71523EECD25004CBBE7 /* Resources */,
			);
			buildRules = (
			);
			dependencies = (
				A998A71923EECD25004CBBE7 /* PBXTargetDependency */,
			);
			name = Lab1Tests;
			productName = Lab1Tests;
			productReference = A998A71723EECD25004CBBE7 /* Lab1Tests.xctest */;
			productType = "com.apple.product-type.bundle.unit-test";
		};
		A998A72123EECD25004CBBE7 /* Lab1UITests */ = {
			isa = PBXNativeTarget;
			buildConfigurationList = A998A73123EECD25004CBBE7 /* Build configuration list for PBXNativeTarget "Lab1UITests" */;
			buildPhases = (
				A998A71E23EECD25004CBBE7 /* Sources */,
				A998A71F23EECD25004CBBE7 /* Frameworks */,
				A998A72023EECD25004CBBE7 /* Resources */,
			);
			buildRules = (
			);
			dependencies = (
				A998A72423EECD25004CBBE7 /* PBXTargetDependency */,
			);
			name = Lab1UITests;
			productName = Lab1UITests;
			productReference = A998A72223EECD25004CBBE7 /* Lab1UITests.xctest */;
			productType = "com.apple.product-type.bundle.ui-testing";
		};
/* End PBXNativeTarget section */

/* Begin PBXProject section */
		A998A6F923EECD24004CBBE7 /* Project object */ = {
			isa = PBXProject;
			attributes = {
				LastSwiftUpdateCheck = 1130;
				LastUpgradeCheck = 1130;
				ORGANIZATIONNAME = NTNU;
				TargetAttributes = {
					A998A70023EECD24004CBBE7 = {
						CreatedOnToolsVersion = 11.3.1;
					};
					A998A71623EECD25004CBBE7 = {
						CreatedOnToolsVersion = 11.3.1;
						TestTargetID = A998A70023EECD24004CBBE7;
					};
					A998A72123EECD25004CBBE7 = {
						CreatedOnToolsVersion = 11.3.1;
						TestTargetID = A998A70023EECD24004CBBE7;
					};
				};
			};
			buildConfigurationList = A998A6FC23EECD24004CBBE7 /* Build configuration list for PBXProject "Lab1" */;
			compatibilityVersion = "Xcode 9.3";
			developmentRegion = en;
			hasScannedForEncodings = 0;
			knownRegions = (
				en,
				Base,
			);
			mainGroup = A998A6F823EECD24004CBBE7;
			productRefGroup = A998A70223EECD24004CBBE7 /* Products */;
			projectDirPath = "";
			projectRoot = "";
			targets = (
				A998A70023EECD24004CBBE7 /* Lab1 */,
				A998A71623EECD25004CBBE7 /* Lab1Tests */,
				A998A72123EECD25004CBBE7 /* Lab1UITests */,
			);
		};
/* End PBXProject section */

/* Begin PBXResourcesBuildPhase section */
		A998A6FF23EECD24004CBBE7 /* Resources */ = {
			isa = PBXResourcesBuildPhase;
			buildActionMask = 2147483647;
			files = (
				A998A71123EECD25004CBBE7 /* LaunchScreen.storyboard in Resources */,
				A998A70E23EECD25004CBBE7 /* Assets.xcassets in Resources */,
				A998A70C23EECD24004CBBE7 /* Main.storyboard in Resources */,
			);
			runOnlyForDeploymentPostprocessing = 0;
		};
		A998A71523EECD25004CBBE7 /* Resources */ = {
			isa = PBXResourcesBuildPhase;
			buildActionMask = 2147483647;
			files = (
			);
			runOnlyForDeploymentPostprocessing = 0;
		};
		A998A72023EECD25004CBBE7 /* Resources */ = {
			isa = PBXResourcesBuildPhase;
			buildActionMask = 2147483647;
			files = (
			);
			runOnlyForDeploymentPostprocessing = 0;
		};
/* End PBXResourcesBuildPhase section */

/* Begin PBXSourcesBuildPhase section */
		A998A6FD23EECD24004CBBE7 /* Sources */ = {
			isa = PBXSourcesBuildPhase;
			buildActionMask = 2147483647;
			files = (
				A998A70923EECD24004CBBE7 /* ViewController.swift in Sources */,
				A998A70523EECD24004CBBE7 /* AppDelegate.swift in Sources */,
				A998A70723EECD24004CBBE7 /* SceneDelegate.swift in Sources */,
			);
			runOnlyForDeploymentPostprocessing = 0;
		};
		A998A71323EECD25004CBBE7 /* Sources */ = {
			isa = PBXSourcesBuildPhase;
			buildActionMask = 2147483647;
			files = (
				A998A71C23EECD25004CBBE7 /* Lab1Tests.swift in Sources */,
			);
			runOnlyForDeploymentPostprocessing = 0;
		};
		A998A71E23EECD25004CBBE7 /* Sources */ = {
			isa = PBXSourcesBuildPhase;
			buildActionMask = 2147483647;
			files = (
				A998A72723EECD25004CBBE7 /* Lab1UITests.swift in Sources */,
			);
			runOnlyForDeploymentPostprocessing = 0;
		};
/* End PBXSourcesBuildPhase section */

/* Begin PBXTargetDependency section */
		A998A71923EECD25004CBBE7 /* PBXTargetDependency */ = {
			isa = PBXTargetDependency;
			target = A998A70023EECD24004CBBE7 /* Lab1 */;
			targetProxy = A998A71823EECD25004CBBE7 /* PBXContainerItemProxy */;
		};
		A998A72423EECD25004CBBE7 /* PBXTargetDependency */ = {
			isa = PBXTargetDependency;
			target = A998A70023EECD24004CBBE7 /* Lab1 */;
			targetProxy = A998A72323EECD25004CBBE7 /* PBXContainerItemProxy */;
		};
/* End PBXTargetDependency section */

/* Begin PBXVariantGroup section */
		A998A70A23EECD24004CBBE7 /* Main.storyboard */ = {
			isa = PBXVariantGroup;
			children = (
				A998A70B23EECD24004CBBE7 /* Base */,
			);
			name = Main.storyboard;
			sourceTree = "<group>";
		};
		A998A70F23EECD25004CBBE7 /* LaunchScreen.storyboard */ = {
			isa = PBXVariantGroup;
			children = (
				A998A71023EECD25004CBBE7 /* Base */,
			);
			name = LaunchScreen.storyboard;
			sourceTree = "<group>";
		};
/* End PBXVariantGroup section */

/* Begin XCBuildConfiguration section */
		A998A72923EECD25004CBBE7 /* Debug */ = {
			isa = XCBuildConfiguration;
			buildSettings = {
				ALWAYS_SEARCH_USER_PATHS = NO;
				CLANG_ANALYZER_NONNULL = YES;
				CLANG_ANALYZER_NUMBER_OBJECT_CONVERSION = YES_AGGRESSIVE;
				CLANG_CXX_LANGUAGE_STANDARD = "gnu++14";
				CLANG_CXX_LIBRARY = "libc++";
				CLANG_ENABLE_MODULES = YES;
				CLANG_ENABLE_OBJC_ARC = YES;
				CLANG_ENABLE_OBJC_WEAK = YES;
				CLANG_WARN_BLOCK_CAPTURE_AUTORELEASING = YES;
				CLANG_WARN_BOOL_CONVERSION = YES;
				CLANG_WARN_COMMA = YES;
				CLANG_WARN_CONSTANT_CONVERSION = YES;
				CLANG_WARN_DEPRECATED_OBJC_IMPLEMENTATIONS = YES;
				CLANG_WARN_DIRECT_OBJC_ISA_USAGE = YES_ERROR;
				CLANG_WARN_DOCUMENTATION_COMMENTS = YES;
				CLANG_WARN_EMPTY_BODY = YES;
				CLANG_WARN_ENUM_CONVERSION = YES;
				CLANG_WARN_INFINITE_RECURSION = YES;
				CLANG_WARN_INT_CONVERSION = YES;
				CLANG_WARN_NON_LITERAL_NULL_CONVERSION = YES;
				CLANG_WARN_OBJC_IMPLICIT_RETAIN_SELF = YES;
				CLANG_WARN_OBJC_LITERAL_CONVERSION = YES;
				CLANG_WARN_OBJC_ROOT_CLASS = YES_ERROR;
				CLANG_WARN_RANGE_LOOP_ANALYSIS = YES;
				CLANG_WARN_STRICT_PROTOTYPES = YES;
				CLANG_WARN_SUSPICIOUS_MOVE = YES;
				CLANG_WARN_UNGUARDED_AVAILABILITY = YES_AGGRESSIVE;
				CLANG_WARN_UNREACHABLE_CODE = YES;
				CLANG_WARN__DUPLICATE_METHOD_MATCH = YES;
				COPY_PHASE_STRIP = NO;
				DEBUG_INFORMATION_FORMAT = dwarf;
				ENABLE_STRICT_OBJC_MSGSEND = YES;
				ENABLE_TESTABILITY = YES;
				GCC_C_LANGUAGE_STANDARD = gnu11;
				GCC_DYNAMIC_NO_PIC = NO;
				GCC_NO_COMMON_BLOCKS = YES;
				GCC_OPTIMIZATION_LEVEL = 0;
				GCC_PREPROCESSOR_DEFINITIONS = (
					"DEBUG=1",
					"$(inherited)",
				);
				GCC_WARN_64_TO_32_BIT_CONVERSION = YES;
				GCC_WARN_ABOUT_RETURN_TYPE = YES_ERROR;
				GCC_WARN_UNDECLARED_SELECTOR = YES;
				GCC_WARN_UNINITIALIZED_AUTOS = YES_AGGRESSIVE;
				GCC_WARN_UNUSED_FUNCTION = YES;
				GCC_WARN_UNUSED_VARIABLE = YES;
				IPHONEOS_DEPLOYMENT_TARGET = 13.2;
				MTL_ENABLE_DEBUG_INFO = INCLUDE_SOURCE;
				MTL_FAST_MATH = YES;
				ONLY_ACTIVE_ARCH = YES;
				SDKROOT = iphoneos;
				SWIFT_ACTIVE_COMPILATION_CONDITIONS = DEBUG;
				SWIFT_OPTIMIZATION_LEVEL = "-Onone";
			};
			name = Debug;
		};
		A998A72A23EECD25004CBBE7 /* Release */ = {
			isa = XCBuildConfiguration;
			buildSettings = {
				ALWAYS_SEARCH_USER_PATHS = NO;
				CLANG_ANALYZER_NONNULL = YES;
				CLANG_ANALYZER_NUMBER_OBJECT_CONVERSION = YES_AGGRESSIVE;
				CLANG_CXX_LANGUAGE_STANDARD = "gnu++14";
				CLANG_CXX_LIBRARY = "libc++";
				CLANG_ENABLE_MODULES = YES;
				CLANG_ENABLE_OBJC_ARC = YES;
				CLANG_ENABLE_OBJC_WEAK = YES;
				CLANG_WARN_BLOCK_CAPTURE_AUTORELEASING = YES;
				CLANG_WARN_BOOL_CONVERSION = YES;
				CLANG_WARN_COMMA = YES;
				CLANG_WARN_CONSTANT_CONVERSION = YES;
				CLANG_WARN_DEPRECATED_OBJC_IMPLEMENTATIONS = YES;
				CLANG_WARN_DIRECT_OBJC_ISA_USAGE = YES_ERROR;
				CLANG_WARN_DOCUMENTATION_COMMENTS = YES;
				CLANG_WARN_EMPTY_BODY = YES;
				CLANG_WARN_ENUM_CONVERSION = YES;
				CLANG_WARN_INFINITE_RECURSION = YES;
				CLANG_WARN_INT_CONVERSION = YES;
				CLANG_WARN_NON_LITERAL_NULL_CONVERSION = YES;
				CLANG_WARN_OBJC_IMPLICIT_RETAIN_SELF = YES;
				CLANG_WARN_OBJC_LITERAL_CONVERSION = YES;
				CLANG_WARN_OBJC_ROOT_CLASS = YES_ERROR;
				CLANG_WARN_RANGE_LOOP_ANALYSIS = YES;
				CLANG_WARN_STRICT_PROTOTYPES = YES;
				CLANG_WARN_SUSPICIOUS_MOVE = YES;
				CLANG_WARN_UNGUARDED_AVAILABILITY = YES_AGGRESSIVE;
				CLANG_WARN_UNREACHABLE_CODE = YES;
				CLANG_WARN__DUPLICATE_METHOD_MATCH = YES;
				COPY_PHASE_STRIP = NO;
				DEBUG_INFORMATION_FORMAT = "dwarf-with-dsym";
				ENABLE_NS_ASSERTIONS = NO;
				ENABLE_STRICT_OBJC_MSGSEND = YES;
				GCC_C_LANGUAGE_STANDARD = gnu11;
				GCC_NO_COMMON_BLOCKS = YES;
				GCC_WARN_64_TO_32_BIT_CONVERSION = YES;
				GCC_WARN_ABOUT_RETURN_TYPE = YES_ERROR;
				GCC_WARN_UNDECLARED_SELECTOR = YES;
				GCC_WARN_UNINITIALIZED_AUTOS = YES_AGGRESSIVE;
				GCC_WARN_UNUSED_FUNCTION = YES;
				GCC_WARN_UNUSED_VARIABLE = YES;
				IPHONEOS_DEPLOYMENT_TARGET = 13.2;
				MTL_ENABLE_DEBUG_INFO = NO;
				MTL_FAST_MATH = YES;
				SDKROOT = iphoneos;
				SWIFT_COMPILATION_MODE = wholemodule;
				SWIFT_OPTIMIZATION_LEVEL = "-O";
				VALIDATE_PRODUCT = YES;
			};
			name = Release;
		};
		A998A72C23EECD25004CBBE7 /* Debug */ = {
			isa = XCBuildConfiguration;
			buildSettings = {
				ASSETCATALOG_COMPILER_APPICON_NAME = AppIcon;
				CODE_SIGN_STYLE = Automatic;
				DEVELOPMENT_TEAM = N36MHKMDTK;
				INFOPLIST_FILE = Lab1/Info.plist;
				LD_RUNPATH_SEARCH_PATHS = (
					"$(inherited)",
					"@executable_path/Frameworks",
				);
				PRODUCT_BUNDLE_IDENTIFIER = YU.Lab1;
				PRODUCT_NAME = "$(TARGET_NAME)";
				SWIFT_VERSION = 5.0;
				TARGETED_DEVICE_FAMILY = "1,2";
			};
			name = Debug;
		};
		A998A72D23EECD25004CBBE7 /* Release */ = {
			isa = XCBuildConfiguration;
			buildSettings = {
				ASSETCATALOG_COMPILER_APPICON_NAME = AppIcon;
				CODE_SIGN_STYLE = Automatic;
				DEVELOPMENT_TEAM = N36MHKMDTK;
				INFOPLIST_FILE = Lab1/Info.plist;
				LD_RUNPATH_SEARCH_PATHS = (
					"$(inherited)",
					"@executable_path/Frameworks",
				);
				PRODUCT_BUNDLE_IDENTIFIER = YU.Lab1;
				PRODUCT_NAME = "$(TARGET_NAME)";
				SWIFT_VERSION = 5.0;
				TARGETED_DEVICE_FAMILY = "1,2";
			};
			name = Release;
		};
		A998A72F23EECD25004CBBE7 /* Debug */ = {
			isa = XCBuildConfiguration;
			buildSettings = {
				ALWAYS_EMBED_SWIFT_STANDARD_LIBRARIES = YES;
				BUNDLE_LOADER = "$(TEST_HOST)";
				CODE_SIGN_STYLE = Automatic;
				DEVELOPMENT_TEAM = N36MHKMDTK;
				INFOPLIST_FILE = Lab1Tests/Info.plist;
				IPHONEOS_DEPLOYMENT_TARGET = 13.2;
				LD_RUNPATH_SEARCH_PATHS = (
					"$(inherited)",
					"@executable_path/Frameworks",
					"@loader_path/Frameworks",
				);
				PRODUCT_BUNDLE_IDENTIFIER = YU.Lab1Tests;
				PRODUCT_NAME = "$(TARGET_NAME)";
				SWIFT_VERSION = 5.0;
				TARGETED_DEVICE_FAMILY = "1,2";
				TEST_HOST = "$(BUILT_PRODUCTS_DIR)/Lab1.app/Lab1";
			};
			name = Debug;
		};
		A998A73023EECD25004CBBE7 /* Release */ = {
			isa = XCBuildConfiguration;
			buildSettings = {
				ALWAYS_EMBED_SWIFT_STANDARD_LIBRARIES = YES;
				BUNDLE_LOADER = "$(TEST_HOST)";
				CODE_SIGN_STYLE = Automatic;
				DEVELOPMENT_TEAM = N36MHKMDTK;
				INFOPLIST_FILE = Lab1Tests/Info.plist;
				IPHONEOS_DEPLOYMENT_TARGET = 13.2;
				LD_RUNPATH_SEARCH_PATHS = (
					"$(inherited)",
					"@executable_path/Frameworks",
					"@loader_path/Frameworks",
				);
				PRODUCT_BUNDLE_IDENTIFIER = YU.Lab1Tests;
				PRODUCT_NAME = "$(TARGET_NAME)";
				SWIFT_VERSION = 5.0;
				TARGETED_DEVICE_FAMILY = "1,2";
				TEST_HOST = "$(BUILT_PRODUCTS_DIR)/Lab1.app/Lab1";
			};
			name = Release;
		};
		A998A73223EECD25004CBBE7 /* Debug */ = {
			isa = XCBuildConfiguration;
			buildSettings = {
				ALWAYS_EMBED_SWIFT_STANDARD_LIBRARIES = YES;
				CODE_SIGN_STYLE = Automatic;
				DEVELOPMENT_TEAM = N36MHKMDTK;
				INFOPLIST_FILE = Lab1UITests/Info.plist;
				LD_RUNPATH_SEARCH_PATHS = (
					"$(inherited)",
					"@executable_path/Frameworks",
					"@loader_path/Frameworks",
				);
				PRODUCT_BUNDLE_IDENTIFIER = YU.Lab1UITests;
				PRODUCT_NAME = "$(TARGET_NAME)";
				SWIFT_VERSION = 5.0;
				TARGETED_DEVICE_FAMILY = "1,2";
				TEST_TARGET_NAME = Lab1;
			};
			name = Debug;
		};
		A998A73323EECD25004CBBE7 /* Release */ = {
			isa = XCBuildConfiguration;
			buildSettings = {
				ALWAYS_EMBED_SWIFT_STANDARD_LIBRARIES = YES;
				CODE_SIGN_STYLE = Automatic;
				DEVELOPMENT_TEAM = N36MHKMDTK;
				INFOPLIST_FILE = Lab1UITests/Info.plist;
				LD_RUNPATH_SEARCH_PATHS = (
					"$(inherited)",
					"@executable_path/Frameworks",
					"@loader_path/Frameworks",
				);
				PRODUCT_BUNDLE_IDENTIFIER = YU.Lab1UITests;
				PRODUCT_NAME = "$(TARGET_NAME)";
				SWIFT_VERSION = 5.0;
				TARGETED_DEVICE_FAMILY = "1,2";
				TEST_TARGET_NAME = Lab1;
			};
			name = Release;
		};
/* End XCBuildConfiguration section */

/* Begin XCConfigurationList section */
		A998A6FC23EECD24004CBBE7 /* Build configuration list for PBXProject "Lab1" */ = {
			isa = XCConfigurationList;
			buildConfigurations = (
				A998A72923EECD25004CBBE7 /* Debug */,
				A998A72A23EECD25004CBBE7 /* Release */,
			);
			defaultConfigurationIsVisible = 0;
			defaultConfigurationName = Release;
		};
		A998A72B23EECD25004CBBE7 /* Build configuration list for PBXNativeTarget "Lab1" */ = {
			isa = XCConfigurationList;
			buildConfigurations = (
				A998A72C23EECD25004CBBE7 /* Debug */,
				A998A72D23EECD25004CBBE7 /* Release */,
			);
			defaultConfigurationIsVisible = 0;
			defaultConfigurationName = Release;
		};
		A998A72E23EECD25004CBBE7 /* Build configuration list for PBXNativeTarget "Lab1Tests" */ = {
			isa = XCConfigurationList;
			buildConfigurations = (
				A998A72F23EECD25004CBBE7 /* Debug */,
				A998A73023EECD25004CBBE7 /* Release */,
			);
			defaultConfigurationIsVisible = 0;
			defaultConfigurationName = Release;
		};
		A998A73123EECD25004CBBE7 /* Build configuration list for PBXNativeTarget "Lab1UITests" */ = {
			isa = XCConfigurationList;
			buildConfigurations = (
				A998A73223EECD25004CBBE7 /* Debug */,
				A998A73323EECD25004CBBE7 /* Release */,
			);
			defaultConfigurationIsVisible = 0;
			defaultConfigurationName = Release;
		};
/* End XCConfigurationList section */
	};
	rootObject = A998A6F923EECD24004CBBE7 /* Project object */;
}
